# This file was autogenerated by Stack.
# You should not edit this file by hand.
# For more information, please see the documentation at:
#   https://docs.haskellstack.org/en/stable/lock_files

packages:
- completed:
    hackage: uuagc-cabal-1.2.0.0@sha256:4defb1455dedcc3b0222c6f069c51e08fa70b1bd9ec044c0b7accedb49c2c367,1104
    pantry-tree:
      size: 576
      sha256: 44f4802199e40cb060220d6659c66fd3c9a92ef58aca374fa33ead877abfedc9
  original:
    hackage: uuagc-cabal-1.2.0.0
- completed:
    hackage: uulib-0.9.24@sha256:152da205e22befdeeb65e734990142d578456efb6e14e46bfd22e4cb63cd374d,1801
    pantry-tree:
      size: 2343
      sha256: 65e2c597dd20e0a985f42a5cbc526a39122aebb347b7c399e414f560b18579be
  original:
    hackage: uulib-0.9.24
- completed:
    hackage: uuagc-0.9.53.1@sha256:ff22a1145455fa064f870694882249c3fc344987e35fcb10ff7f8e21a239e6bb,3292
    pantry-tree:
      size: 7106
      sha256: 8d4c72c15f003edad2661fa1220520330ffd21a2c7b404282c3989f0f324f7b9
  original:
    hackage: uuagc-0.9.53.1
- completed:
    hackage: uu-parsinglib-2.9.1.1@sha256:08e3d148cf6b2a6d8e99193f15367a76beacda4e5d8d7829727caaa30adf72ea,3149
    pantry-tree:
      size: 974
      sha256: ccf341334b763e390b0471dda9e0dfad70975dba994b30c7b6d41a3d7e5fa0a2
  original:
    hackage: uu-parsinglib-2.9.1.1
- completed:
    hackage: uu-interleaved-0.2.0.2@sha256:595e62dfca0e3a08e9fd37e102568313d4f3e2c29fab26a66f3640cc9412ecf3,1721
    pantry-tree:
      size: 237
      sha256: 030748a52a5397cb0217fc58f4ea89f7c7f4daaafea71d95ca40335da9d9cecc
  original:
    hackage: uu-interleaved-0.2.0.2
snapshots:
- completed:
    size: 565712
    url: https://raw.githubusercontent.com/commercialhaskell/stackage-snapshots/master/lts/17/6.yaml
    sha256: 4e5e581a709c88e3fe26a9ce8bf331435729bead762fb5c190064c6c5bb1b835
  original:
    url: https://raw.githubusercontent.com/commercialhaskell/stackage-snapshots/master/lts/17/6.yaml
